// !$*UTF8*$!
{
	archiveVersion = 1;
	classes = {
	};
	objectVersion = 46;
	objects = {

/* Begin PBXBuildFile section */
		4B2E0834155B99560003C1B9 /* Foundation.framework in Frameworks */ = {isa = PBXBuildFile; fileRef = 4B2E0833155B99560003C1B9 /* Foundation.framework */; };
		4B2E083A155B99560003C1B9 /* ACAdditions.m in Sources */ = {isa = PBXBuildFile; fileRef = 4B2E0839155B99560003C1B9 /* ACAdditions.m */; };
		4B2E0842155B99560003C1B9 /* SenTestingKit.framework in Frameworks */ = {isa = PBXBuildFile; fileRef = 4B2E0841155B99560003C1B9 /* SenTestingKit.framework */; };
		4B2E0844155B99560003C1B9 /* UIKit.framework in Frameworks */ = {isa = PBXBuildFile; fileRef = 4B2E0843155B99560003C1B9 /* UIKit.framework */; };
		4B2E0845155B99560003C1B9 /* Foundation.framework in Frameworks */ = {isa = PBXBuildFile; fileRef = 4B2E0833155B99560003C1B9 /* Foundation.framework */; };
		4B2E0848155B99560003C1B9 /* libACAdditions.a in Frameworks */ = {isa = PBXBuildFile; fileRef = 4B2E0830155B99560003C1B9 /* libACAdditions.a */; };
		4B2E084E155B99560003C1B9 /* InfoPlist.strings in Resources */ = {isa = PBXBuildFile; fileRef = 4B2E084C155B99560003C1B9 /* InfoPlist.strings */; };
		4B2E0851155B99560003C1B9 /* ACAdditionsTests.m in Sources */ = {isa = PBXBuildFile; fileRef = 4B2E0850155B99560003C1B9 /* ACAdditionsTests.m */; };
/* End PBXBuildFile section */

/* Begin PBXContainerItemProxy section */
		4B2E0846155B99560003C1B9 /* PBXContainerItemProxy */ = {
			isa = PBXContainerItemProxy;
			containerPortal = 4B2E0827155B99560003C1B9 /* Project object */;
			proxyType = 1;
			remoteGlobalIDString = 4B2E082F155B99560003C1B9;
			remoteInfo = ACAdditions;
		};
/* End PBXContainerItemProxy section */

/* Begin PBXFileReference section */
		4B2E0830155B99560003C1B9 /* libACAdditions.a */ = {isa = PBXFileReference; explicitFileType = archive.ar; includeInIndex = 0; path = libACAdditions.a; sourceTree = BUILT_PRODUCTS_DIR; };
		4B2E0833155B99560003C1B9 /* Foundation.framework */ = {isa = PBXFileReference; lastKnownFileType = wrapper.framework; name = Foundation.framework; path = System/Library/Frameworks/Foundation.framework; sourceTree = SDKROOT; };
		4B2E0837155B99560003C1B9 /* ACAdditions-Prefix.pch */ = {isa = PBXFileReference; path = "ACAdditions-Prefix.pch"; sourceTree = "<group>"; };
		4B2E0838155B99560003C1B9 /* ACAdditions.h */ = {isa = PBXFileReference; path = ACAdditions.h; sourceTree = "<group>"; };
		4B2E0839155B99560003C1B9 /* ACAdditions.m */ = {isa = PBXFileReference; lastKnownFileType = sourcecode.c.objc; path = ACAdditions.m; sourceTree = "<group>"; };
		4B2E0840155B99560003C1B9 /* ACAdditionsTests.octest */ = {isa = PBXFileReference; explicitFileType = wrapper.cfbundle; includeInIndex = 0; path = ACAdditionsTests.octest; sourceTree = BUILT_PRODUCTS_DIR; };
		4B2E0841155B99560003C1B9 /* SenTestingKit.framework */ = {isa = PBXFileReference; lastKnownFileType = wrapper.framework; name = SenTestingKit.framework; path = Library/Frameworks/SenTestingKit.framework; sourceTree = DEVELOPER_DIR; };
		4B2E0843155B99560003C1B9 /* UIKit.framework */ = {isa = PBXFileReference; lastKnownFileType = wrapper.framework; name = UIKit.framework; path = Library/Frameworks/UIKit.framework; sourceTree = DEVELOPER_DIR; };
		4B2E084B155B99560003C1B9 /* ACAdditionsTests-Info.plist */ = {isa = PBXFileReference; path = "ACAdditionsTests-Info.plist"; sourceTree = "<group>"; };
		4B2E084D155B99560003C1B9 /* en */ = {isa = PBXFileReference; lastKnownFileType = text.plist.strings; name = en; path = en.lproj/InfoPlist.strings; sourceTree = "<group>"; };
		4B2E084F155B99560003C1B9 /* ACAdditionsTests.h */ = {isa = PBXFileReference; path = ACAdditionsTests.h; sourceTree = "<group>"; };
		4B2E0850155B99560003C1B9 /* ACAdditionsTests.m */ = {isa = PBXFileReference; lastKnownFileType = sourcecode.c.objc; path = ACAdditionsTests.m; sourceTree = "<group>"; };
/* End PBXFileReference section */

/* Begin PBXFrameworksBuildPhase section */
		4B2E082D155B99560003C1B9 /* Frameworks */ = {
			isa = PBXFrameworksBuildPhase;
			buildActionMask = 2147483647;
			files = (
				4B2E0834155B99560003C1B9 /* Foundation.framework in Frameworks */,
			);
			runOnlyForDeploymentPostprocessing = 0;
		};
		4B2E083C155B99560003C1B9 /* Frameworks */ = {
			isa = PBXFrameworksBuildPhase;
			buildActionMask = 2147483647;
			files = (
				4B2E0842155B99560003C1B9 /* SenTestingKit.framework in Frameworks */,
				4B2E0844155B99560003C1B9 /* UIKit.framework in Frameworks */,
				4B2E0845155B99560003C1B9 /* Foundation.framework in Frameworks */,
				4B2E0848155B99560003C1B9 /* libACAdditions.a in Frameworks */,
			);
			runOnlyForDeploymentPostprocessing = 0;
		};
/* End PBXFrameworksBuildPhase section */

/* Begin PBXGroup section */
		4B2E0825155B99560003C1B9 = {
			isa = PBXGroup;
			children = (
				4B2E0835155B99560003C1B9 /* ACAdditions */,
				4B2E0849155B99560003C1B9 /* ACAdditionsTests */,
				4B2E0832155B99560003C1B9 /* Frameworks */,
				4B2E0831155B99560003C1B9 /* Products */,
			);
			sourceTree = "<group>";
		};
		4B2E0831155B99560003C1B9 /* Products */ = {
			isa = PBXGroup;
			children = (
				4B2E0830155B99560003C1B9 /* libACAdditions.a */,
				4B2E0840155B99560003C1B9 /* ACAdditionsTests.octest */,
			);
			name = Products;
			sourceTree = "<group>";
		};
		4B2E0832155B99560003C1B9 /* Frameworks */ = {
			isa = PBXGroup;
			children = (
				4B2E0833155B99560003C1B9 /* Foundation.framework */,
				4B2E0841155B99560003C1B9 /* SenTestingKit.framework */,
				4B2E0843155B99560003C1B9 /* UIKit.framework */,
			);
			name = Frameworks;
			sourceTree = "<group>";
		};
		4B2E0835155B99560003C1B9 /* ACAdditions */ = {
			isa = PBXGroup;
			children = (
				4B2E0838155B99560003C1B9 /* ACAdditions.h */,
				4B2E0839155B99560003C1B9 /* ACAdditions.m */,
				4B2E0836155B99560003C1B9 /* Supporting Files */,
			);
			path = ACAdditions;
			sourceTree = "<group>";
		};
		4B2E0836155B99560003C1B9 /* Supporting Files */ = {
			isa = PBXGroup;
			children = (
				4B2E0837155B99560003C1B9 /* ACAdditions-Prefix.pch */,
			);
			name = "Supporting Files";
			sourceTree = "<group>";
		};
		4B2E0849155B99560003C1B9 /* ACAdditionsTests */ = {
			isa = PBXGroup;
			children = (
				4B2E084F155B99560003C1B9 /* ACAdditionsTests.h */,
				4B2E0850155B99560003C1B9 /* ACAdditionsTests.m */,
				4B2E084A155B99560003C1B9 /* Supporting Files */,
			);
			path = ACAdditionsTests;
			sourceTree = "<group>";
		};
		4B2E084A155B99560003C1B9 /* Supporting Files */ = {
			isa = PBXGroup;
			children = (
				4B2E084B155B99560003C1B9 /* ACAdditionsTests-Info.plist */,
				4B2E084C155B99560003C1B9 /* InfoPlist.strings */,
			);
			name = "Supporting Files";
			sourceTree = "<group>";
		};
/* End PBXGroup section */

/* Begin PBXHeadersBuildPhase section */
		4B2E082E155B99560003C1B9 /* Headers */ = {
			isa = PBXHeadersBuildPhase;
			buildActionMask = 2147483647;
			files = (
			);
			runOnlyForDeploymentPostprocessing = 0;
		};
/* End PBXHeadersBuildPhase section */

/* Begin PBXNativeTarget section */
		4B2E082F155B99560003C1B9 /* ACAdditions */ = {
			isa = PBXNativeTarget;
			buildConfigurationList = 4B2E0854155B99560003C1B9 /* Build configuration list for PBXNativeTarget "ACAdditions" */;
			buildPhases = (
				4B2E082C155B99560003C1B9 /* Sources */,
				4B2E082D155B99560003C1B9 /* Frameworks */,
				4B2E082E155B99560003C1B9 /* Headers */,
			);
			buildRules = (
			);
			dependencies = (
			);
			name = ACAdditions;
			productName = ACAdditions;
			productReference = 4B2E0830155B99560003C1B9 /* libACAdditions.a */;
			productType = "com.apple.product-type.library.static";
		};
		4B2E083F155B99560003C1B9 /* ACAdditionsTests */ = {
			isa = PBXNativeTarget;
			buildConfigurationList = 4B2E0857155B99560003C1B9 /* Build configuration list for PBXNativeTarget "ACAdditionsTests" */;
			buildPhases = (
				4B2E083B155B99560003C1B9 /* Sources */,
				4B2E083C155B99560003C1B9 /* Frameworks */,
				4B2E083D155B99560003C1B9 /* Resources */,
				4B2E083E155B99560003C1B9 /* ShellScript */,
			);
			buildRules = (
			);
			dependencies = (
				4B2E0847155B99560003C1B9 /* PBXTargetDependency */,
			);
			name = ACAdditionsTests;
			productName = ACAdditionsTests;
			productReference = 4B2E0840155B99560003C1B9 /* ACAdditionsTests.octest */;
			productType = "com.apple.product-type.bundle";
		};
/* End PBXNativeTarget section */

/* Begin PBXProject section */
		4B2E0827155B99560003C1B9 /* Project object */ = {
			isa = PBXProject;
			attributes = {
				LastUpgradeCheck = 0430;
				ORGANIZATIONNAME = "Adam Burkepile";
			};
			buildConfigurationList = 4B2E082A155B99560003C1B9 /* Build configuration list for PBXProject "ACAdditions" */;
			compatibilityVersion = "Xcode 3.2";
			developmentRegion = English;
			hasScannedForEncodings = 0;
			knownRegions = (
				en,
			);
			mainGroup = 4B2E0825155B99560003C1B9;
			productRefGroup = 4B2E0831155B99560003C1B9 /* Products */;
			projectDirPath = "";
			projectRoot = "";
			targets = (
				4B2E082F155B99560003C1B9 /* ACAdditions */,
				4B2E083F155B99560003C1B9 /* ACAdditionsTests */,
			);
		};
/* End PBXProject section */

/* Begin PBXResourcesBuildPhase section */
		4B2E083D155B99560003C1B9 /* Resources */ = {
			isa = PBXResourcesBuildPhase;
			buildActionMask = 2147483647;
			files = (
				4B2E084E155B99560003C1B9 /* InfoPlist.strings in Resources */,
			);
			runOnlyForDeploymentPostprocessing = 0;
		};
/* End PBXResourcesBuildPhase section */

/* Begin PBXShellScriptBuildPhase section */
		4B2E083E155B99560003C1B9 /* ShellScript */ = {
			isa = PBXShellScriptBuildPhase;
			buildActionMask = 2147483647;
			files = (
			);
			inputPaths = (
			);
			outputPaths = (
			);
			runOnlyForDeploymentPostprocessing = 0;
			shellPath = /bin/sh;
			shellScript = "# Run the unit tests in this test bundle.\n\"${SYSTEM_DEVELOPER_DIR}/Tools/RunUnitTests\"\n";
		};
/* End PBXShellScriptBuildPhase section */

/* Begin PBXSourcesBuildPhase section */
		4B2E082C155B99560003C1B9 /* Sources */ = {
			isa = PBXSourcesBuildPhase;
			buildActionMask = 2147483647;
			files = (
				4B2E083A155B99560003C1B9 /* ACAdditions.m in Sources */,
			);
			runOnlyForDeploymentPostprocessing = 0;
		};
		4B2E083B155B99560003C1B9 /* Sources */ = {
			isa = PBXSourcesBuildPhase;
			buildActionMask = 2147483647;
			files = (
				4B2E0851155B99560003C1B9 /* ACAdditionsTests.m in Sources */,
			);
			runOnlyForDeploymentPostprocessing = 0;
		};
/* End PBXSourcesBuildPhase section */

/* Begin PBXTargetDependency section */
		4B2E0847155B99560003C1B9 /* PBXTargetDependency */ = {
			isa = PBXTargetDependency;
			target = 4B2E082F155B99560003C1B9 /* ACAdditions */;
			targetProxy = 4B2E0846155B99560003C1B9 /* PBXContainerItemProxy */;
		};
/* End PBXTargetDependency section */

/* Begin PBXVariantGroup section */
		4B2E084C155B99560003C1B9 /* InfoPlist.strings */ = {
			isa = PBXVariantGroup;
			children = (
				4B2E084D155B99560003C1B9 /* en */,
			);
			name = InfoPlist.strings;
			sourceTree = "<group>";
		};
/* End PBXVariantGroup section */

/* Begin XCBuildConfiguration section */
		4B2E0852155B99560003C1B9 /* Debug */ = {
			isa = XCBuildConfiguration;
			buildSettings = {
				ALWAYS_SEARCH_USER_PATHS = NO;
				ARCHS = "$(ARCHS_STANDARD_32_BIT)";
				CLANG_ENABLE_OBJC_ARC = YES;
				COPY_PHASE_STRIP = NO;
				GCC_C_LANGUAGE_STANDARD = gnu99;
				GCC_DYNAMIC_NO_PIC = NO;
				GCC_OPTIMIZATION_LEVEL = 0;
				GCC_PREPROCESSOR_DEFINITIONS = (
					"DEBUG=1",
					"$(inherited)",
				);
				GCC_SYMBOLS_PRIVATE_EXTERN = NO;
				GCC_VERSION = com.apple.compilers.llvm.clang.1_0;
				GCC_WARN_ABOUT_RETURN_TYPE = YES;
				GCC_WARN_UNINITIALIZED_AUTOS = YES;
				GCC_WARN_UNUSED_VARIABLE = YES;
				IPHONEOS_DEPLOYMENT_TARGET = 5.1;
				SDKROOT = iphoneos;
			};
			name = Debug;
		};
		4B2E0853155B99560003C1B9 /* Release */ = {
			isa = XCBuildConfiguration;
			buildSettings = {
				ALWAYS_SEARCH_USER_PATHS = NO;
				ARCHS = "$(ARCHS_STANDARD_32_BIT)";
				CLANG_ENABLE_OBJC_ARC = YES;
				COPY_PHASE_STRIP = YES;
				GCC_C_LANGUAGE_STANDARD = gnu99;
				GCC_VERSION = com.apple.compilers.llvm.clang.1_0;
				GCC_WARN_ABOUT_RETURN_TYPE = YES;
				GCC_WARN_UNINITIALIZED_AUTOS = YES;
				GCC_WARN_UNUSED_VARIABLE = YES;
				IPHONEOS_DEPLOYMENT_TARGET = 5.1;
				SDKROOT = iphoneos;
				VALIDATE_PRODUCT = YES;
			};
			name = Release;
		};
		4B2E0855155B99560003C1B9 /* Debug */ = {
			isa = XCBuildConfiguration;
			buildSettings = {
				DSTROOT = /tmp/ACAdditions.dst;
				GCC_PRECOMPILE_PREFIX_HEADER = YES;
				GCC_PREFIX_HEADER = "ACAdditions/ACAdditions-Prefix.pch";
				OTHER_LDFLAGS = "-ObjC";
				PRODUCT_NAME = "$(TARGET_NAME)";
				SKIP_INSTALL = YES;
			};
			name = Debug;
		};
		4B2E0856155B99560003C1B9 /* Release */ = {
			isa = XCBuildConfiguration;
			buildSettings = {
				DSTROOT = /tmp/ACAdditions.dst;
				GCC_PRECOMPILE_PREFIX_HEADER = YES;
				GCC_PREFIX_HEADER = "ACAdditions/ACAdditions-Prefix.pch";
				OTHER_LDFLAGS = "-ObjC";
				PRODUCT_NAME = "$(TARGET_NAME)";
				SKIP_INSTALL = YES;
			};
			name = Release;
		};
		4B2E0858155B99560003C1B9 /* Debug */ = {
			isa = XCBuildConfiguration;
			buildSettings = {
				FRAMEWORK_SEARCH_PATHS = (
					"$(SDKROOT)/Developer/Library/Frameworks",
					"$(DEVELOPER_LIBRARY_DIR)/Frameworks",
				);
				GCC_PRECOMPILE_PREFIX_HEADER = YES;
				GCC_PREFIX_HEADER = "ACAdditions/ACAdditions-Prefix.pch";
				INFOPLIST_FILE = "ACAdditionsTests/ACAdditionsTests-Info.plist";
				PRODUCT_NAME = "$(TARGET_NAME)";
				WRAPPER_EXTENSION = octest;
			};
			name = Debug;
		};
		4B2E0859155B99560003C1B9 /* Release */ = {
			isa = XCBuildConfiguration;
			buildSettings = {
				FRAMEWORK_SEARCH_PATHS = (
					"$(SDKROOT)/Developer/Library/Frameworks",
					"$(DEVELOPER_LIBRARY_DIR)/Frameworks",
				);
				GCC_PRECOMPILE_PREFIX_HEADER = YES;
				GCC_PREFIX_HEADER = "ACAdditions/ACAdditions-Prefix.pch";
				INFOPLIST_FILE = "ACAdditionsTests/ACAdditionsTests-Info.plist";
				PRODUCT_NAME = "$(TARGET_NAME)";
				WRAPPER_EXTENSION = octest;
			};
			name = Release;
		};
/* End XCBuildConfiguration section */

/* Begin XCConfigurationList section */
		4B2E082A155B99560003C1B9 /* Build configuration list for PBXProject "ACAdditions" */ = {
			isa = XCConfigurationList;
			buildConfigurations = (
				4B2E0852155B99560003C1B9 /* Debug */,
				4B2E0853155B99560003C1B9 /* Release */,
			);
			defaultConfigurationIsVisible = 0;
			defaultConfigurationName = Release;
		};
		4B2E0854155B99560003C1B9 /* Build configuration list for PBXNativeTarget "ACAdditions" */ = {
			isa = XCConfigurationList;
			buildConfigurations = (
				4B2E0855155B99560003C1B9 /* Debug */,
				4B2E0856155B99560003C1B9 /* Release */,
			);
			defaultConfigurationIsVisible = 0;
		};
		4B2E0857155B99560003C1B9 /* Build configuration list for PBXNativeTarget "ACAdditionsTests" */ = {
			isa = XCConfigurationList;
			buildConfigurations = (
				4B2E0858155B99560003C1B9 /* Debug */,
				4B2E0859155B99560003C1B9 /* Release */,
			);
			defaultConfigurationIsVisible = 0;
		};
/* End XCConfigurationList section */
	};
	rootObject = 4B2E0827155B99560003C1B9 /* Project object */;
}
